
Microsoft Visual Studio Solution File, Format Version 12.00
# Visual Studio 15
VisualStudioVersion = 15.0.27703.2042
MinimumVisualStudioVersion = 10.0.40219.1
Project("{FAE04EC0-301F-11D3-BF4B-00C04F79EFBC}") = "SistemaDeVendasEX1", "SistemaDeVendasEX1\SistemaDeVendasEX1.csproj", "{3067A613-F0A9-42B1-8536-DE712BD495AF}"
EndProject
Global
	GlobalSection(SolutionConfigurationPlatforms) = preSolution
		Debug|Any CPU = Debug|Any CPU
		Release|Any CPU = Release|Any CPU
	EndGlobalSection
	GlobalSection(ProjectConfigurationPlatforms) = postSolution
		{3067A613-F0A9-42B1-8536-DE712BD495AF}.Debug|Any CPU.ActiveCfg = Debug|Any CPU
		{3067A613-F0A9-42B1-8536-DE712BD495AF}.Debug|Any CPU.Build.0 = Debug|Any CPU
		{3067A613-F0A9-42B1-8536-DE712BD495AF}.Release|Any CPU.ActiveCfg = Release|Any CPU
		{3067A613-F0A9-42B1-8536-DE712BD495AF}.Release|Any CPU.Build.0 = Release|Any CPU
	EndGlobalSection
	GlobalSection(SolutionProperties) = preSolution
		HideSolutionNode = FALSE
	EndGlobalSection
	GlobalSection(ExtensibilityGlobals) = postSolution
		SolutionGuid = {C41129FF-C5EC-49D7-9174-8320962CC137}
	EndGlobalSection
EndGlobal
